
Microsoft Visual Studio Solution File, Format Version 12.00
# Visual Studio Version 17
VisualStudioVersion = 17.2.32630.192
MinimumVisualStudioVersion = 10.0.40219.1
Project("{9A19103F-16F7-4668-BE54-9A1E7A4F7556}") = "R5T.Z0059.Construction", "R5T.Z0059.Construction\R5T.Z0059.Construction.csproj", "{0E94D49F-B13F-4BAA-985D-29592B4FE25E}"
EndProject
Project("{9A19103F-16F7-4668-BE54-9A1E7A4F7556}") = "R5T.Z0059", "R5T.Z0059\R5T.Z0059.csproj", "{FDEE6593-EA52-4EBE-BBE4-C817DB9A6BE0}"
EndProject
Project("{2150E333-8FDC-42A3-9474-1A3956D46DE8}") = "_Dependencies", "_Dependencies", "{D3BF2028-03C7-4357-8CA7-9F2D9BF7E18B}"
EndProject
Project("{9A19103F-16F7-4668-BE54-9A1E7A4F7556}") = "R5T.T0132", "..\..\R5T.T0132\source\R5T.T0132\R5T.T0132.csproj", "{ADEA98EC-BD64-45C1-AC96-D3016EF3A935}"
EndProject
Project("{9A19103F-16F7-4668-BE54-9A1E7A4F7556}") = "R5T.T0143", "..\..\R5T.T0143\source\R5T.T0143\R5T.T0143.csproj", "{72C348A7-EC40-4645-A0C9-6129BADDD0F0}"
EndProject
Project("{9A19103F-16F7-4668-BE54-9A1E7A4F7556}") = "R5T.T0178", "..\..\R5T.T0178\source\R5T.T0178\R5T.T0178.csproj", "{67916A36-ED9C-41FB-AB33-5047EB469AFC}"
EndProject
Project("{9A19103F-16F7-4668-BE54-9A1E7A4F7556}") = "R5T.T0179", "..\..\R5T.T0179\source\R5T.T0179\R5T.T0179.csproj", "{B9B03EA7-6169-4CF5-ACEF-764651C92F41}"
EndProject
Project("{9A19103F-16F7-4668-BE54-9A1E7A4F7556}") = "R5T.T0222", "..\..\R5T.T0222\source\R5T.T0222\R5T.T0222.csproj", "{1F30ED99-563F-48D1-A2BC-BA7593D9F721}"
EndProject
Project("{9A19103F-16F7-4668-BE54-9A1E7A4F7556}") = "R5T.T0131", "..\..\R5T.T0131\source\R5T.T0131\R5T.T0131.csproj", "{F7C2822B-5D6D-4E10-AEF1-51DEB422A41E}"
EndProject
Global
	GlobalSection(NestedProjects) = preSolution
		{ADEA98EC-BD64-45C1-AC96-D3016EF3A935} = {D3BF2028-03C7-4357-8CA7-9F2D9BF7E18B}
		{72C348A7-EC40-4645-A0C9-6129BADDD0F0} = {D3BF2028-03C7-4357-8CA7-9F2D9BF7E18B}
		{67916A36-ED9C-41FB-AB33-5047EB469AFC} = {D3BF2028-03C7-4357-8CA7-9F2D9BF7E18B}
		{B9B03EA7-6169-4CF5-ACEF-764651C92F41} = {D3BF2028-03C7-4357-8CA7-9F2D9BF7E18B}
		{1F30ED99-563F-48D1-A2BC-BA7593D9F721} = {D3BF2028-03C7-4357-8CA7-9F2D9BF7E18B}
		{F7C2822B-5D6D-4E10-AEF1-51DEB422A41E} = {D3BF2028-03C7-4357-8CA7-9F2D9BF7E18B}
	EndGlobalSection
	GlobalSection(SolutionConfigurationPlatforms) = preSolution
		Debug|Any CPU = Debug|Any CPU
		Release|Any CPU = Release|Any CPU
	EndGlobalSection
	GlobalSection(ProjectConfigurationPlatforms) = postSolution
		{0E94D49F-B13F-4BAA-985D-29592B4FE25E}.Debug|Any CPU.ActiveCfg = Debug|Any CPU
		{0E94D49F-B13F-4BAA-985D-29592B4FE25E}.Debug|Any CPU.Build.0 = Debug|Any CPU
		{0E94D49F-B13F-4BAA-985D-29592B4FE25E}.Release|Any CPU.ActiveCfg = Release|Any CPU
		{0E94D49F-B13F-4BAA-985D-29592B4FE25E}.Release|Any CPU.Build.0 = Release|Any CPU
		{FDEE6593-EA52-4EBE-BBE4-C817DB9A6BE0}.Debug|Any CPU.ActiveCfg = Debug|Any CPU
		{FDEE6593-EA52-4EBE-BBE4-C817DB9A6BE0}.Debug|Any CPU.Build.0 = Debug|Any CPU
		{FDEE6593-EA52-4EBE-BBE4-C817DB9A6BE0}.Release|Any CPU.ActiveCfg = Release|Any CPU
		{FDEE6593-EA52-4EBE-BBE4-C817DB9A6BE0}.Release|Any CPU.Build.0 = Release|Any CPU
		{ADEA98EC-BD64-45C1-AC96-D3016EF3A935}.Debug|Any CPU.ActiveCfg = Debug|Any CPU
		{ADEA98EC-BD64-45C1-AC96-D3016EF3A935}.Debug|Any CPU.Build.0 = Debug|Any CPU
		{ADEA98EC-BD64-45C1-AC96-D3016EF3A935}.Release|Any CPU.ActiveCfg = Release|Any CPU
		{ADEA98EC-BD64-45C1-AC96-D3016EF3A935}.Release|Any CPU.Build.0 = Release|Any CPU
		{72C348A7-EC40-4645-A0C9-6129BADDD0F0}.Debug|Any CPU.ActiveCfg = Debug|Any CPU
		{72C348A7-EC40-4645-A0C9-6129BADDD0F0}.Debug|Any CPU.Build.0 = Debug|Any CPU
		{72C348A7-EC40-4645-A0C9-6129BADDD0F0}.Release|Any CPU.ActiveCfg = Release|Any CPU
		{72C348A7-EC40-4645-A0C9-6129BADDD0F0}.Release|Any CPU.Build.0 = Release|Any CPU
		{67916A36-ED9C-41FB-AB33-5047EB469AFC}.Debug|Any CPU.ActiveCfg = Debug|Any CPU
		{67916A36-ED9C-41FB-AB33-5047EB469AFC}.Debug|Any CPU.Build.0 = Debug|Any CPU
		{67916A36-ED9C-41FB-AB33-5047EB469AFC}.Release|Any CPU.ActiveCfg = Release|Any CPU
		{67916A36-ED9C-41FB-AB33-5047EB469AFC}.Release|Any CPU.Build.0 = Release|Any CPU
		{B9B03EA7-6169-4CF5-ACEF-764651C92F41}.Debug|Any CPU.ActiveCfg = Debug|Any CPU
		{B9B03EA7-6169-4CF5-ACEF-764651C92F41}.Debug|Any CPU.Build.0 = Debug|Any CPU
		{B9B03EA7-6169-4CF5-ACEF-764651C92F41}.Release|Any CPU.ActiveCfg = Release|Any CPU
		{B9B03EA7-6169-4CF5-ACEF-764651C92F41}.Release|Any CPU.Build.0 = Release|Any CPU
		{1F30ED99-563F-48D1-A2BC-BA7593D9F721}.Debug|Any CPU.ActiveCfg = Debug|Any CPU
		{1F30ED99-563F-48D1-A2BC-BA7593D9F721}.Debug|Any CPU.Build.0 = Debug|Any CPU
		{1F30ED99-563F-48D1-A2BC-BA7593D9F721}.Release|Any CPU.ActiveCfg = Release|Any CPU
		{1F30ED99-563F-48D1-A2BC-BA7593D9F721}.Release|Any CPU.Build.0 = Release|Any CPU
		{F7C2822B-5D6D-4E10-AEF1-51DEB422A41E}.Debug|Any CPU.ActiveCfg = Debug|Any CPU
		{F7C2822B-5D6D-4E10-AEF1-51DEB422A41E}.Debug|Any CPU.Build.0 = Debug|Any CPU
		{F7C2822B-5D6D-4E10-AEF1-51DEB422A41E}.Release|Any CPU.ActiveCfg = Release|Any CPU
		{F7C2822B-5D6D-4E10-AEF1-51DEB422A41E}.Release|Any CPU.Build.0 = Release|Any CPU
	EndGlobalSection
	GlobalSection(SolutionProperties) = preSolution
		HideSolutionNode = FALSE
	EndGlobalSection
	GlobalSection(ExtensibilityGlobals) = postSolution
		SolutionGuid = {A54579EA-0F1D-4737-9AD0-28FCF0E2E12A}
	EndGlobalSection
EndGlobal
