
Microsoft Visual Studio Solution File, Format Version 12.00
# Visual Studio Version 17
VisualStudioVersion = 17.2.32630.192
MinimumVisualStudioVersion = 10.0.40219.1
Project("{9A19103F-16F7-4668-BE54-9A1E7A4F7556}") = "R5T.Z0059", "R5T.Z0059\R5T.Z0059.csproj", "{15F6FF6B-678B-4666-A251-AA7134F25996}"
EndProject
Global
	GlobalSection(SolutionConfigurationPlatforms) = preSolution
		Debug|Any CPU = Debug|Any CPU
		Release|Any CPU = Release|Any CPU
	EndGlobalSection
	GlobalSection(ProjectConfigurationPlatforms) = postSolution
		{15F6FF6B-678B-4666-A251-AA7134F25996}.Debug|Any CPU.ActiveCfg = Debug|Any CPU
		{15F6FF6B-678B-4666-A251-AA7134F25996}.Debug|Any CPU.Build.0 = Debug|Any CPU
		{15F6FF6B-678B-4666-A251-AA7134F25996}.Release|Any CPU.ActiveCfg = Release|Any CPU
		{15F6FF6B-678B-4666-A251-AA7134F25996}.Release|Any CPU.Build.0 = Release|Any CPU
	EndGlobalSection
	GlobalSection(SolutionProperties) = preSolution
		HideSolutionNode = FALSE
	EndGlobalSection
	GlobalSection(ExtensibilityGlobals) = postSolution
		SolutionGuid = {29944ED8-846E-4BE7-9F14-3337CBF74BD9}
	EndGlobalSection
EndGlobal
