
Microsoft Visual Studio Solution File, Format Version 12.00
# Visual Studio Version 17
VisualStudioVersion = 17.2.32630.192
MinimumVisualStudioVersion = 10.0.40219.1
Project("{9A19103F-16F7-4668-BE54-9A1E7A4F7556}") = "R5T.Z0059", "R5T.Z0059\R5T.Z0059.csproj", "{15F6FF6B-678B-4666-A251-AA7134F25996}"
EndProject
Project("{2150E333-8FDC-42A3-9474-1A3956D46DE8}") = "_Dependencies", "_Dependencies", "{92D563A5-5A5E-421E-9549-82316814C120}"
EndProject
Project("{9A19103F-16F7-4668-BE54-9A1E7A4F7556}") = "R5T.T0132", "..\..\R5T.T0132\source\R5T.T0132\R5T.T0132.csproj", "{656178EF-4986-4EEB-8C02-E35CC0905DD3}"
EndProject
Project("{9A19103F-16F7-4668-BE54-9A1E7A4F7556}") = "R5T.T0143", "..\..\R5T.T0143\source\R5T.T0143\R5T.T0143.csproj", "{F60BA427-82AE-4D39-8F7D-4657DAACE8F0}"
EndProject
Project("{9A19103F-16F7-4668-BE54-9A1E7A4F7556}") = "R5T.T0178", "..\..\R5T.T0178\source\R5T.T0178\R5T.T0178.csproj", "{3A15766D-D771-4206-AEDB-BFA4907BB4C5}"
EndProject
Project("{9A19103F-16F7-4668-BE54-9A1E7A4F7556}") = "R5T.T0179", "..\..\R5T.T0179\source\R5T.T0179\R5T.T0179.csproj", "{677EB447-5766-4A0F-9F33-ACFCD2792523}"
EndProject
Project("{9A19103F-16F7-4668-BE54-9A1E7A4F7556}") = "R5T.T0222", "..\..\R5T.T0222\source\R5T.T0222\R5T.T0222.csproj", "{F8416A2A-CBAC-4090-9652-DF16F10C5B46}"
EndProject
Project("{9A19103F-16F7-4668-BE54-9A1E7A4F7556}") = "R5T.T0131", "..\..\R5T.T0131\source\R5T.T0131\R5T.T0131.csproj", "{13C7A39F-5774-4669-8715-7E3A44DBD911}"
EndProject
Global
	GlobalSection(NestedProjects) = preSolution
		{656178EF-4986-4EEB-8C02-E35CC0905DD3} = {92D563A5-5A5E-421E-9549-82316814C120}
		{F60BA427-82AE-4D39-8F7D-4657DAACE8F0} = {92D563A5-5A5E-421E-9549-82316814C120}
		{3A15766D-D771-4206-AEDB-BFA4907BB4C5} = {92D563A5-5A5E-421E-9549-82316814C120}
		{677EB447-5766-4A0F-9F33-ACFCD2792523} = {92D563A5-5A5E-421E-9549-82316814C120}
		{F8416A2A-CBAC-4090-9652-DF16F10C5B46} = {92D563A5-5A5E-421E-9549-82316814C120}
		{13C7A39F-5774-4669-8715-7E3A44DBD911} = {92D563A5-5A5E-421E-9549-82316814C120}
	EndGlobalSection
	GlobalSection(SolutionConfigurationPlatforms) = preSolution
		Debug|Any CPU = Debug|Any CPU
		Release|Any CPU = Release|Any CPU
	EndGlobalSection
	GlobalSection(ProjectConfigurationPlatforms) = postSolution
		{15F6FF6B-678B-4666-A251-AA7134F25996}.Debug|Any CPU.ActiveCfg = Debug|Any CPU
		{15F6FF6B-678B-4666-A251-AA7134F25996}.Debug|Any CPU.Build.0 = Debug|Any CPU
		{15F6FF6B-678B-4666-A251-AA7134F25996}.Release|Any CPU.ActiveCfg = Release|Any CPU
		{15F6FF6B-678B-4666-A251-AA7134F25996}.Release|Any CPU.Build.0 = Release|Any CPU
		{656178EF-4986-4EEB-8C02-E35CC0905DD3}.Debug|Any CPU.ActiveCfg = Debug|Any CPU
		{656178EF-4986-4EEB-8C02-E35CC0905DD3}.Debug|Any CPU.Build.0 = Debug|Any CPU
		{656178EF-4986-4EEB-8C02-E35CC0905DD3}.Release|Any CPU.ActiveCfg = Release|Any CPU
		{656178EF-4986-4EEB-8C02-E35CC0905DD3}.Release|Any CPU.Build.0 = Release|Any CPU
		{F60BA427-82AE-4D39-8F7D-4657DAACE8F0}.Debug|Any CPU.ActiveCfg = Debug|Any CPU
		{F60BA427-82AE-4D39-8F7D-4657DAACE8F0}.Debug|Any CPU.Build.0 = Debug|Any CPU
		{F60BA427-82AE-4D39-8F7D-4657DAACE8F0}.Release|Any CPU.ActiveCfg = Release|Any CPU
		{F60BA427-82AE-4D39-8F7D-4657DAACE8F0}.Release|Any CPU.Build.0 = Release|Any CPU
		{3A15766D-D771-4206-AEDB-BFA4907BB4C5}.Debug|Any CPU.ActiveCfg = Debug|Any CPU
		{3A15766D-D771-4206-AEDB-BFA4907BB4C5}.Debug|Any CPU.Build.0 = Debug|Any CPU
		{3A15766D-D771-4206-AEDB-BFA4907BB4C5}.Release|Any CPU.ActiveCfg = Release|Any CPU
		{3A15766D-D771-4206-AEDB-BFA4907BB4C5}.Release|Any CPU.Build.0 = Release|Any CPU
		{677EB447-5766-4A0F-9F33-ACFCD2792523}.Debug|Any CPU.ActiveCfg = Debug|Any CPU
		{677EB447-5766-4A0F-9F33-ACFCD2792523}.Debug|Any CPU.Build.0 = Debug|Any CPU
		{677EB447-5766-4A0F-9F33-ACFCD2792523}.Release|Any CPU.ActiveCfg = Release|Any CPU
		{677EB447-5766-4A0F-9F33-ACFCD2792523}.Release|Any CPU.Build.0 = Release|Any CPU
		{F8416A2A-CBAC-4090-9652-DF16F10C5B46}.Debug|Any CPU.ActiveCfg = Debug|Any CPU
		{F8416A2A-CBAC-4090-9652-DF16F10C5B46}.Debug|Any CPU.Build.0 = Debug|Any CPU
		{F8416A2A-CBAC-4090-9652-DF16F10C5B46}.Release|Any CPU.ActiveCfg = Release|Any CPU
		{F8416A2A-CBAC-4090-9652-DF16F10C5B46}.Release|Any CPU.Build.0 = Release|Any CPU
		{13C7A39F-5774-4669-8715-7E3A44DBD911}.Debug|Any CPU.ActiveCfg = Debug|Any CPU
		{13C7A39F-5774-4669-8715-7E3A44DBD911}.Debug|Any CPU.Build.0 = Debug|Any CPU
		{13C7A39F-5774-4669-8715-7E3A44DBD911}.Release|Any CPU.ActiveCfg = Release|Any CPU
		{13C7A39F-5774-4669-8715-7E3A44DBD911}.Release|Any CPU.Build.0 = Release|Any CPU
	EndGlobalSection
	GlobalSection(SolutionProperties) = preSolution
		HideSolutionNode = FALSE
	EndGlobalSection
	GlobalSection(ExtensibilityGlobals) = postSolution
		SolutionGuid = {29944ED8-846E-4BE7-9F14-3337CBF74BD9}
	EndGlobalSection
EndGlobal
